
Microsoft Visual Studio Solution File, Format Version 12.00
# Visual Studio 15
VisualStudioVersion = 15.0.28010.2050
MinimumVisualStudioVersion = 10.0.40219.1
Project("{FAE04EC0-301F-11D3-BF4B-00C04F79EFBC}") = "Core.Common", "Core.Common\Core.Common.csproj", "{B8ECB791-6C69-4C1B-B5C0-3E2420675AF5}"
EndProject
Global
	GlobalSection(SolutionConfigurationPlatforms) = preSolution
		Debug|Any CPU = Debug|Any CPU
		Release|Any CPU = Release|Any CPU
	EndGlobalSection
	GlobalSection(ProjectConfigurationPlatforms) = postSolution
		{B8ECB791-6C69-4C1B-B5C0-3E2420675AF5}.Debug|Any CPU.ActiveCfg = Debug|Any CPU
		{B8ECB791-6C69-4C1B-B5C0-3E2420675AF5}.Debug|Any CPU.Build.0 = Debug|Any CPU
		{B8ECB791-6C69-4C1B-B5C0-3E2420675AF5}.Release|Any CPU.ActiveCfg = Release|Any CPU
		{B8ECB791-6C69-4C1B-B5C0-3E2420675AF5}.Release|Any CPU.Build.0 = Release|Any CPU
	EndGlobalSection
	GlobalSection(SolutionProperties) = preSolution
		HideSolutionNode = FALSE
	EndGlobalSection
	GlobalSection(ExtensibilityGlobals) = postSolution
		SolutionGuid = {3F7852AA-3FB7-42F9-8140-2B331C808BAD}
	EndGlobalSection
EndGlobal
